
Microsoft Visual Studio Solution File, Format Version 12.00
# Visual Studio Version 17
VisualStudioVersion = 17.5.33627.172
MinimumVisualStudioVersion = 10.0.40219.1
Project("{FAE04EC0-301F-11D3-BF4B-00C04F79EFBC}") = "Amazon.TestAutomation.Task", "Amazon.TestAutomation.Task\Amazon.TestAutomation.Task.csproj", "{622ECEAA-B3A5-4484-ADC2-64F95661A3C4}"
EndProject
Global
	GlobalSection(SolutionConfigurationPlatforms) = preSolution
		Debug|Any CPU = Debug|Any CPU
		Release|Any CPU = Release|Any CPU
	EndGlobalSection
	GlobalSection(ProjectConfigurationPlatforms) = postSolution
		{622ECEAA-B3A5-4484-ADC2-64F95661A3C4}.Debug|Any CPU.ActiveCfg = Debug|Any CPU
		{622ECEAA-B3A5-4484-ADC2-64F95661A3C4}.Debug|Any CPU.Build.0 = Debug|Any CPU
		{622ECEAA-B3A5-4484-ADC2-64F95661A3C4}.Release|Any CPU.ActiveCfg = Release|Any CPU
		{622ECEAA-B3A5-4484-ADC2-64F95661A3C4}.Release|Any CPU.Build.0 = Release|Any CPU
	EndGlobalSection
	GlobalSection(SolutionProperties) = preSolution
		HideSolutionNode = FALSE
	EndGlobalSection
	GlobalSection(ExtensibilityGlobals) = postSolution
		SolutionGuid = {4D653552-37F3-47AB-8A2F-B6248FB88B6C}
	EndGlobalSection
EndGlobal
